{
  "name": "faster-develop",
  "version": "1.0.0",
  "lockfileVersion": 1,
  "requires": true,
  "dependencies": {
    "ajv": {
      "version": "6.5.3",
      "resolved": "http://npm.fe.weimob.cn/ajv/-/ajv-6.5.3.tgz",
      "integrity": "sha1-caVp0Yns9PTzISJP7LFm8HHdkPk=",
      "dev": true,
      "requires": {
        "fast-deep-equal": "2.0.1",
        "fast-json-stable-stringify": "2.0.0",
        "json-schema-traverse": "0.4.1",
        "uri-js": "4.2.2"
      }
    },
    "ajv-keywords": {
      "version": "3.2.0",
      "resolved": "http://npm.fe.weimob.cn/ajv-keywords/-/ajv-keywords-3.2.0.tgz",
      "integrity": "sha1-6GuBnGAs+IIa1jdBNpjx3sAhhHo=",
      "dev": true
    },
    "async": {
      "version": "2.6.1",
      "resolved": "http://npm.fe.weimob.cn/async/-/async-2.6.1.tgz",
      "integrity": "sha1-skWiPKcZMAROxT+kaqAKPofGphA=",
      "dev": true,
      "requires": {
        "lodash": "4.17.10"
      }
    },
    "big.js": {
      "version": "3.2.0",
      "resolved": "http://npm.fe.weimob.cn/big.js/-/big.js-3.2.0.tgz",
      "integrity": "sha1-pfwpi4G54Nyi5FiCR4S2XFK6WI4=",
      "dev": true
    },
    "emojis-list": {
      "version": "2.1.0",
      "resolved": "http://npm.fe.weimob.cn/emojis-list/-/emojis-list-2.1.0.tgz",
      "integrity": "sha1-TapNnbAPmBmIDHn6RXrlsJof04k=",
      "dev": true
    },
    "extract-text-webpack-plugin": {
      "version": "4.0.0-beta.0",
      "resolved": "http://npm.fe.weimob.cn/extract-text-webpack-plugin/-/extract-text-webpack-plugin-4.0.0-beta.0.tgz",
      "integrity": "sha1-9zYdf/QwtClh+NEyG6jBdXtdTEI=",
      "dev": true,
      "requires": {
        "async": "2.6.1",
        "loader-utils": "1.1.0",
        "schema-utils": "0.4.7",
        "webpack-sources": "1.2.0"
      }
    },
    "fast-deep-equal": {
      "version": "2.0.1",
      "resolved": "http://npm.fe.weimob.cn/fast-deep-equal/-/fast-deep-equal-2.0.1.tgz",
      "integrity": "sha1-ewUhjd+WZ79/Nwv3/bLLFf3Qqkk=",
      "dev": true
    },
    "fast-json-stable-stringify": {
      "version": "2.0.0",
      "resolved": "http://npm.fe.weimob.cn/fast-json-stable-stringify/-/fast-json-stable-stringify-2.0.0.tgz",
      "integrity": "sha1-1RQsDK7msRifh9OnYREGT4bIu/I=",
      "dev": true
    },
    "json-schema-traverse": {
      "version": "0.4.1",
      "resolved": "http://npm.fe.weimob.cn/json-schema-traverse/-/json-schema-traverse-0.4.1.tgz",
      "integrity": "sha1-afaofZUTq4u4/mO9sJecRI5oRmA=",
      "dev": true
    },
    "json5": {
      "version": "0.5.1",
      "resolved": "http://npm.fe.weimob.cn/json5/-/json5-0.5.1.tgz",
      "integrity": "sha1-Hq3nrMASA0rYTiOWdn6tn6VJWCE=",
      "dev": true
    },
    "loader-utils": {
      "version": "1.1.0",
      "resolved": "http://npm.fe.weimob.cn/loader-utils/-/loader-utils-1.1.0.tgz",
      "integrity": "sha1-yYrvSIvM7aL/teLeZG1qdUQp9c0=",
      "dev": true,
      "requires": {
        "big.js": "3.2.0",
        "emojis-list": "2.1.0",
        "json5": "0.5.1"
      }
    },
    "lodash": {
      "version": "4.17.10",
      "resolved": "http://npm.fe.weimob.cn/lodash/-/lodash-4.17.10.tgz",
      "integrity": "sha1-G3eTz3JZ6jj7NmHU04syYK+K5Oc=",
      "dev": true
    },
    "punycode": {
      "version": "2.1.1",
      "resolved": "http://npm.fe.weimob.cn/punycode/-/punycode-2.1.1.tgz",
      "integrity": "sha1-tYsBCsQMIsVldhbI0sLALHv0eew=",
      "dev": true
    },
    "schema-utils": {
      "version": "0.4.7",
      "resolved": "http://npm.fe.weimob.cn/schema-utils/-/schema-utils-0.4.7.tgz",
      "integrity": "sha1-unT1l9K+LqiAExdG7hfQoJPGgYc=",
      "dev": true,
      "requires": {
        "ajv": "6.5.3",
        "ajv-keywords": "3.2.0"
      }
    },
    "source-list-map": {
      "version": "2.0.0",
      "resolved": "http://npm.fe.weimob.cn/source-list-map/-/source-list-map-2.0.0.tgz",
      "integrity": "sha1-qqR0A/eyRakvvJfqCPJQ1gh+0IU=",
      "dev": true
    },
    "source-map": {
      "version": "0.6.1",
      "resolved": "http://npm.fe.weimob.cn/source-map/-/source-map-0.6.1.tgz",
      "integrity": "sha1-dHIq8y6WFOnCh6jQu95IteLxomM=",
      "dev": true
    },
    "uri-js": {
      "version": "4.2.2",
      "resolved": "http://npm.fe.weimob.cn/uri-js/-/uri-js-4.2.2.tgz",
      "integrity": "sha1-lMVA4f93KVbiKZUHwBCupsiDjrA=",
      "dev": true,
      "requires": {
        "punycode": "2.1.1"
      }
    },
    "webpack-sources": {
      "version": "1.2.0",
      "resolved": "http://npm.fe.weimob.cn/webpack-sources/-/webpack-sources-1.2.0.tgz",
      "integrity": "sha1-GBgeDQE/zglvr2+ObUHu///c6sI=",
      "dev": true,
      "requires": {
        "source-list-map": "2.0.0",
        "source-map": "0.6.1"
      }
    }
  }
}
